// !$*UTF8*$!
{
	archiveVersion = 1;
	classes = {
	};
	objectVersion = 56;
	objects = {

/* Begin PBXBuildFile section */
		E42397882954C82500DDAF53 /* AppDelegate.swift in Sources */ = {isa = PBXBuildFile; fileRef = E42397872954C82500DDAF53 /* AppDelegate.swift */; };
		E423978A2954C82500DDAF53 /* SceneDelegate.swift in Sources */ = {isa = PBXBuildFile; fileRef = E42397892954C82500DDAF53 /* SceneDelegate.swift */; };
		E423978F2954C82500DDAF53 /* Main.storyboard in Resources */ = {isa = PBXBuildFile; fileRef = E423978D2954C82500DDAF53 /* Main.storyboard */; };
		E42397912954C82600DDAF53 /* Assets.xcassets in Resources */ = {isa = PBXBuildFile; fileRef = E42397902954C82600DDAF53 /* Assets.xcassets */; };
		E42397942954C82600DDAF53 /* LaunchScreen.storyboard in Resources */ = {isa = PBXBuildFile; fileRef = E42397922954C82600DDAF53 /* LaunchScreen.storyboard */; };
		E423979F2954C8A500DDAF53 /* LoginComposer.swift in Sources */ = {isa = PBXBuildFile; fileRef = E423979E2954C8A500DDAF53 /* LoginComposer.swift */; };
		E42397A1295503BF00DDAF53 /* LoginViewController.swift in Sources */ = {isa = PBXBuildFile; fileRef = E42397A0295503BF00DDAF53 /* LoginViewController.swift */; };
		E42397A5295503EA00DDAF53 /* LoginViewModel.swift in Sources */ = {isa = PBXBuildFile; fileRef = E42397A4295503EA00DDAF53 /* LoginViewModel.swift */; };
		E42397AD2955053100DDAF53 /* RoundedTextField.swift in Sources */ = {isa = PBXBuildFile; fileRef = E42397AC2955053100DDAF53 /* RoundedTextField.swift */; };
		E42397AF295506E500DDAF53 /* UIColor+.swift in Sources */ = {isa = PBXBuildFile; fileRef = E42397AE295506E500DDAF53 /* UIColor+.swift */; };
		E42397B12955085D00DDAF53 /* RoundedButton.swift in Sources */ = {isa = PBXBuildFile; fileRef = E42397B02955085D00DDAF53 /* RoundedButton.swift */; };
		E42397B42955095D00DDAF53 /* Strings.swift in Sources */ = {isa = PBXBuildFile; fileRef = E42397B32955095D00DDAF53 /* Strings.swift */; };
		E42397B629550AEE00DDAF53 /* String+.swift in Sources */ = {isa = PBXBuildFile; fileRef = E42397B529550AEE00DDAF53 /* String+.swift */; };
		E42397B829550B4D00DDAF53 /* Localizable.strings in Resources */ = {isa = PBXBuildFile; fileRef = E42397B729550B4D00DDAF53 /* Localizable.strings */; };
		E42397BA29550D6800DDAF53 /* PasswordTextField.swift in Sources */ = {isa = PBXBuildFile; fileRef = E42397B929550D6800DDAF53 /* PasswordTextField.swift */; };
		E42397BC29550DEA00DDAF53 /* LoadingButton.swift in Sources */ = {isa = PBXBuildFile; fileRef = E42397BB29550DEA00DDAF53 /* LoadingButton.swift */; };
		E42397BE29550E8A00DDAF53 /* Validator.swift in Sources */ = {isa = PBXBuildFile; fileRef = E42397BD29550E8A00DDAF53 /* Validator.swift */; };
		E42397C029550EAD00DDAF53 /* RegistrationViewModel.swift in Sources */ = {isa = PBXBuildFile; fileRef = E42397BF29550EAD00DDAF53 /* RegistrationViewModel.swift */; };
		E42397C22955145A00DDAF53 /* FirstStepRegistrationViewController.swift in Sources */ = {isa = PBXBuildFile; fileRef = E42397C12955145A00DDAF53 /* FirstStepRegistrationViewController.swift */; };
		E42397C42955147700DDAF53 /* RegistrationComposer.swift in Sources */ = {isa = PBXBuildFile; fileRef = E42397C32955147700DDAF53 /* RegistrationComposer.swift */; };
		E42397C62958FDEE00DDAF53 /* SecondStepRegistrationViewController.swift in Sources */ = {isa = PBXBuildFile; fileRef = E42397C52958FDEE00DDAF53 /* SecondStepRegistrationViewController.swift */; };
		E42397C829590C0200DDAF53 /* HomeViewController.swift in Sources */ = {isa = PBXBuildFile; fileRef = E42397C729590C0200DDAF53 /* HomeViewController.swift */; };
		E42397CA29590E4600DDAF53 /* HomeViewModel.swift in Sources */ = {isa = PBXBuildFile; fileRef = E42397C929590E4600DDAF53 /* HomeViewModel.swift */; };
		E42397CC29590ED600DDAF53 /* MainTabBarController.swift in Sources */ = {isa = PBXBuildFile; fileRef = E42397CB29590ED600DDAF53 /* MainTabBarController.swift */; };
		E42397D02959866300DDAF53 /* EventsViewController.swift in Sources */ = {isa = PBXBuildFile; fileRef = E42397CF2959866300DDAF53 /* EventsViewController.swift */; };
		E42397D22959867C00DDAF53 /* EventsViewModel.swift in Sources */ = {isa = PBXBuildFile; fileRef = E42397D12959867C00DDAF53 /* EventsViewModel.swift */; };
		E42397D42959868500DDAF53 /* AnimalsViewModel.swift in Sources */ = {isa = PBXBuildFile; fileRef = E42397D32959868500DDAF53 /* AnimalsViewModel.swift */; };
		E42397D62959869300DDAF53 /* AnimalsViewController.swift in Sources */ = {isa = PBXBuildFile; fileRef = E42397D52959869300DDAF53 /* AnimalsViewController.swift */; };
		E42397D82959880200DDAF53 /* HomeComposer.swift in Sources */ = {isa = PBXBuildFile; fileRef = E42397D72959880200DDAF53 /* HomeComposer.swift */; };
		E42397DA2959880900DDAF53 /* EventComposer.swift in Sources */ = {isa = PBXBuildFile; fileRef = E42397D92959880900DDAF53 /* EventComposer.swift */; };
		E42397DC2959880F00DDAF53 /* AnimalComposer.swift in Sources */ = {isa = PBXBuildFile; fileRef = E42397DB2959880F00DDAF53 /* AnimalComposer.swift */; };
		E42397DE2959885000DDAF53 /* MainComposer.swift in Sources */ = {isa = PBXBuildFile; fileRef = E42397DD2959885000DDAF53 /* MainComposer.swift */; };
		E42397E029598B2300DDAF53 /* TicketsViewController.swift in Sources */ = {isa = PBXBuildFile; fileRef = E42397DF29598B2300DDAF53 /* TicketsViewController.swift */; };
		E42397E229598C1E00DDAF53 /* TicketsViewModel.swift in Sources */ = {isa = PBXBuildFile; fileRef = E42397E129598C1E00DDAF53 /* TicketsViewModel.swift */; };
		E42397E429598C7400DDAF53 /* NotificationsViewModel.swift in Sources */ = {isa = PBXBuildFile; fileRef = E42397E329598C7400DDAF53 /* NotificationsViewModel.swift */; };
		E42397E629598C9100DDAF53 /* ProfileViewModel.swift in Sources */ = {isa = PBXBuildFile; fileRef = E42397E529598C9100DDAF53 /* ProfileViewModel.swift */; };
		E42397E829598CF400DDAF53 /* NotificationsViewController.swift in Sources */ = {isa = PBXBuildFile; fileRef = E42397E729598CF400DDAF53 /* NotificationsViewController.swift */; };
		E42397EA29598F1000DDAF53 /* TicketComposer.swift in Sources */ = {isa = PBXBuildFile; fileRef = E42397E929598F1000DDAF53 /* TicketComposer.swift */; };
		E42397EC29598F6E00DDAF53 /* NotificationComposer.swift in Sources */ = {isa = PBXBuildFile; fileRef = E42397EB29598F6E00DDAF53 /* NotificationComposer.swift */; };
		E42397EE29598F9E00DDAF53 /* ProfileComposer.swift in Sources */ = {isa = PBXBuildFile; fileRef = E42397ED29598F9E00DDAF53 /* ProfileComposer.swift */; };
		E42397F029598FC500DDAF53 /* ProfileViewController.swift in Sources */ = {isa = PBXBuildFile; fileRef = E42397EF29598FC500DDAF53 /* ProfileViewController.swift */; };
		E42397F32959A3FC00DDAF53 /* LikeableCollectionViewCell.swift in Sources */ = {isa = PBXBuildFile; fileRef = E42397F12959A3FC00DDAF53 /* LikeableCollectionViewCell.swift */; };
		E42397F42959A3FC00DDAF53 /* LikeableCollectionViewCell.xib in Resources */ = {isa = PBXBuildFile; fileRef = E42397F22959A3FC00DDAF53 /* LikeableCollectionViewCell.xib */; };
		E42397F72959A63D00DDAF53 /* UICollectionView+.swift in Sources */ = {isa = PBXBuildFile; fileRef = E42397F62959A63D00DDAF53 /* UICollectionView+.swift */; };
		E42397FA2959B0FC00DDAF53 /* TicketCollectionViewCell.swift in Sources */ = {isa = PBXBuildFile; fileRef = E42397F82959B0FC00DDAF53 /* TicketCollectionViewCell.swift */; };
		E42397FB2959B0FC00DDAF53 /* TicketCollectionViewCell.xib in Resources */ = {isa = PBXBuildFile; fileRef = E42397F92959B0FC00DDAF53 /* TicketCollectionViewCell.xib */; };
		E42397FE2959B81400DDAF53 /* AnimalTableViewCell.swift in Sources */ = {isa = PBXBuildFile; fileRef = E42397FC2959B81400DDAF53 /* AnimalTableViewCell.swift */; };
		E42397FF2959B81400DDAF53 /* AnimalTableViewCell.xib in Resources */ = {isa = PBXBuildFile; fileRef = E42397FD2959B81400DDAF53 /* AnimalTableViewCell.xib */; };
		E42398012959B8C800DDAF53 /* UITableView+.swift in Sources */ = {isa = PBXBuildFile; fileRef = E42398002959B8C800DDAF53 /* UITableView+.swift */; };
		E4239804295B99C700DDAF53 /* EventTableViewCell.swift in Sources */ = {isa = PBXBuildFile; fileRef = E4239802295B99C700DDAF53 /* EventTableViewCell.swift */; };
		E4239805295B99C700DDAF53 /* EventTableViewCell.xib in Resources */ = {isa = PBXBuildFile; fileRef = E4239803295B99C700DDAF53 /* EventTableViewCell.xib */; };
		E4239808295B9E0800DDAF53 /* NotificationTableViewCell.swift in Sources */ = {isa = PBXBuildFile; fileRef = E4239806295B9E0800DDAF53 /* NotificationTableViewCell.swift */; };
		E4239809295B9E0800DDAF53 /* NotificationTableViewCell.xib in Resources */ = {isa = PBXBuildFile; fileRef = E4239807295B9E0800DDAF53 /* NotificationTableViewCell.xib */; };
		E423980B295BAA2900DDAF53 /* DetailDisclosureTableViewCell.swift in Sources */ = {isa = PBXBuildFile; fileRef = E423980A295BAA2900DDAF53 /* DetailDisclosureTableViewCell.swift */; };
		E423980D295BAA6800DDAF53 /* DisclosureIndicatorTableViewCell.swift in Sources */ = {isa = PBXBuildFile; fileRef = E423980C295BAA6800DDAF53 /* DisclosureIndicatorTableViewCell.swift */; };
		E423980F295BAAB100DDAF53 /* DestructiveTableViewCell.swift in Sources */ = {isa = PBXBuildFile; fileRef = E423980E295BAAB100DDAF53 /* DestructiveTableViewCell.swift */; };
		E4239811295BB1A500DDAF53 /* NSObject+className.swift in Sources */ = {isa = PBXBuildFile; fileRef = E4239810295BB1A500DDAF53 /* NSObject+className.swift */; };
		E4239814295C353E00DDAF53 /* EditFirstNameViewController.swift in Sources */ = {isa = PBXBuildFile; fileRef = E4239813295C353E00DDAF53 /* EditFirstNameViewController.swift */; };
		E4239816295C379600DDAF53 /* TextFieldTableViewCell.swift in Sources */ = {isa = PBXBuildFile; fileRef = E4239815295C379600DDAF53 /* TextFieldTableViewCell.swift */; };
		E4239818295C42BA00DDAF53 /* EditLastNameViewController.swift in Sources */ = {isa = PBXBuildFile; fileRef = E4239817295C42BA00DDAF53 /* EditLastNameViewController.swift */; };
		E423981A295C434D00DDAF53 /* EditPhoneViewController.swift in Sources */ = {isa = PBXBuildFile; fileRef = E4239819295C434D00DDAF53 /* EditPhoneViewController.swift */; };
		E423981C295C440100DDAF53 /* EditAddressViewController.swift in Sources */ = {isa = PBXBuildFile; fileRef = E423981B295C440100DDAF53 /* EditAddressViewController.swift */; };
		E423981E295D7F7D00DDAF53 /* ChangePasswordViewController.swift in Sources */ = {isa = PBXBuildFile; fileRef = E423981D295D7F7D00DDAF53 /* ChangePasswordViewController.swift */; };
		E4239820295D80EE00DDAF53 /* SecureTextEntryTextField.swift in Sources */ = {isa = PBXBuildFile; fileRef = E423981F295D80EE00DDAF53 /* SecureTextEntryTextField.swift */; };
		E4239822295D81B600DDAF53 /* SecureTextEntryTextFieldTableViewCell.swift in Sources */ = {isa = PBXBuildFile; fileRef = E4239821295D81B600DDAF53 /* SecureTextEntryTextFieldTableViewCell.swift */; };
		E4239824295D872B00DDAF53 /* AnimalDetailViewController.swift in Sources */ = {isa = PBXBuildFile; fileRef = E4239823295D872B00DDAF53 /* AnimalDetailViewController.swift */; };
		E423982C295D91BC00DDAF53 /* CommentTableViewCell.swift in Sources */ = {isa = PBXBuildFile; fileRef = E423982A295D91BC00DDAF53 /* CommentTableViewCell.swift */; };
		E423982D295D91BC00DDAF53 /* CommentTableViewCell.xib in Resources */ = {isa = PBXBuildFile; fileRef = E423982B295D91BC00DDAF53 /* CommentTableViewCell.xib */; };
		E423982F295D941100DDAF53 /* GradientView.swift in Sources */ = {isa = PBXBuildFile; fileRef = E423982E295D941100DDAF53 /* GradientView.swift */; };
		E4239831295D988A00DDAF53 /* CommentViewController.swift in Sources */ = {isa = PBXBuildFile; fileRef = E4239830295D988A00DDAF53 /* CommentViewController.swift */; };
		E4239833295DA41200DDAF53 /* EventDetailViewController.swift in Sources */ = {isa = PBXBuildFile; fileRef = E4239832295DA41200DDAF53 /* EventDetailViewController.swift */; };
		E4239835295DADD300DDAF53 /* ChooseTicketViewController.swift in Sources */ = {isa = PBXBuildFile; fileRef = E4239834295DADD300DDAF53 /* ChooseTicketViewController.swift */; };
		E4239838295DB79600DDAF53 /* PromoTicketCollectionViewCell.swift in Sources */ = {isa = PBXBuildFile; fileRef = E4239836295DB79600DDAF53 /* PromoTicketCollectionViewCell.swift */; };
		E4239839295DB79600DDAF53 /* PromoTicketCollectionViewCell.xib in Resources */ = {isa = PBXBuildFile; fileRef = E4239837295DB79600DDAF53 /* PromoTicketCollectionViewCell.xib */; };
		E423983B295DBC3100DDAF53 /* BuyTicketViewController.swift in Sources */ = {isa = PBXBuildFile; fileRef = E423983A295DBC3100DDAF53 /* BuyTicketViewController.swift */; };
		E423983D295DBEA900DDAF53 /* DatePickerTableViewCell.swift in Sources */ = {isa = PBXBuildFile; fileRef = E423983C295DBEA900DDAF53 /* DatePickerTableViewCell.swift */; };
/* End PBXBuildFile section */

/* Begin PBXFileReference section */
		E42397842954C82500DDAF53 /* Pandoo.app */ = {isa = PBXFileReference; explicitFileType = wrapper.application; includeInIndex = 0; path = Pandoo.app; sourceTree = BUILT_PRODUCTS_DIR; };
		E42397872954C82500DDAF53 /* AppDelegate.swift */ = {isa = PBXFileReference; lastKnownFileType = sourcecode.swift; path = AppDelegate.swift; sourceTree = "<group>"; };
		E42397892954C82500DDAF53 /* SceneDelegate.swift */ = {isa = PBXFileReference; lastKnownFileType = sourcecode.swift; path = SceneDelegate.swift; sourceTree = "<group>"; };
		E423978E2954C82500DDAF53 /* Base */ = {isa = PBXFileReference; lastKnownFileType = file.storyboard; name = Base; path = Base.lproj/Main.storyboard; sourceTree = "<group>"; };
		E42397902954C82600DDAF53 /* Assets.xcassets */ = {isa = PBXFileReference; lastKnownFileType = folder.assetcatalog; path = Assets.xcassets; sourceTree = "<group>"; };
		E42397932954C82600DDAF53 /* Base */ = {isa = PBXFileReference; lastKnownFileType = file.storyboard; name = Base; path = Base.lproj/LaunchScreen.storyboard; sourceTree = "<group>"; };
		E42397952954C82600DDAF53 /* Info.plist */ = {isa = PBXFileReference; lastKnownFileType = text.plist.xml; path = Info.plist; sourceTree = "<group>"; };
		E423979E2954C8A500DDAF53 /* LoginComposer.swift */ = {isa = PBXFileReference; lastKnownFileType = sourcecode.swift; path = LoginComposer.swift; sourceTree = "<group>"; };
		E42397A0295503BF00DDAF53 /* LoginViewController.swift */ = {isa = PBXFileReference; lastKnownFileType = sourcecode.swift; path = LoginViewController.swift; sourceTree = "<group>"; };
		E42397A4295503EA00DDAF53 /* LoginViewModel.swift */ = {isa = PBXFileReference; lastKnownFileType = sourcecode.swift; path = LoginViewModel.swift; sourceTree = "<group>"; };
		E42397AC2955053100DDAF53 /* RoundedTextField.swift */ = {isa = PBXFileReference; lastKnownFileType = sourcecode.swift; path = RoundedTextField.swift; sourceTree = "<group>"; };
		E42397AE295506E500DDAF53 /* UIColor+.swift */ = {isa = PBXFileReference; lastKnownFileType = sourcecode.swift; path = "UIColor+.swift"; sourceTree = "<group>"; };
		E42397B02955085D00DDAF53 /* RoundedButton.swift */ = {isa = PBXFileReference; lastKnownFileType = sourcecode.swift; path = RoundedButton.swift; sourceTree = "<group>"; };
		E42397B32955095D00DDAF53 /* Strings.swift */ = {isa = PBXFileReference; lastKnownFileType = sourcecode.swift; path = Strings.swift; sourceTree = "<group>"; };
		E42397B529550AEE00DDAF53 /* String+.swift */ = {isa = PBXFileReference; lastKnownFileType = sourcecode.swift; path = "String+.swift"; sourceTree = "<group>"; };
		E42397B729550B4D00DDAF53 /* Localizable.strings */ = {isa = PBXFileReference; lastKnownFileType = text.plist.strings; path = Localizable.strings; sourceTree = "<group>"; };
		E42397B929550D6800DDAF53 /* PasswordTextField.swift */ = {isa = PBXFileReference; lastKnownFileType = sourcecode.swift; path = PasswordTextField.swift; sourceTree = "<group>"; };
		E42397BB29550DEA00DDAF53 /* LoadingButton.swift */ = {isa = PBXFileReference; lastKnownFileType = sourcecode.swift; path = LoadingButton.swift; sourceTree = "<group>"; };
		E42397BD29550E8A00DDAF53 /* Validator.swift */ = {isa = PBXFileReference; lastKnownFileType = sourcecode.swift; path = Validator.swift; sourceTree = "<group>"; };
		E42397BF29550EAD00DDAF53 /* RegistrationViewModel.swift */ = {isa = PBXFileReference; lastKnownFileType = sourcecode.swift; path = RegistrationViewModel.swift; sourceTree = "<group>"; };
		E42397C12955145A00DDAF53 /* FirstStepRegistrationViewController.swift */ = {isa = PBXFileReference; lastKnownFileType = sourcecode.swift; path = FirstStepRegistrationViewController.swift; sourceTree = "<group>"; };
		E42397C32955147700DDAF53 /* RegistrationComposer.swift */ = {isa = PBXFileReference; lastKnownFileType = sourcecode.swift; path = RegistrationComposer.swift; sourceTree = "<group>"; };
		E42397C52958FDEE00DDAF53 /* SecondStepRegistrationViewController.swift */ = {isa = PBXFileReference; lastKnownFileType = sourcecode.swift; path = SecondStepRegistrationViewController.swift; sourceTree = "<group>"; };
		E42397C729590C0200DDAF53 /* HomeViewController.swift */ = {isa = PBXFileReference; lastKnownFileType = sourcecode.swift; path = HomeViewController.swift; sourceTree = "<group>"; };
		E42397C929590E4600DDAF53 /* HomeViewModel.swift */ = {isa = PBXFileReference; lastKnownFileType = sourcecode.swift; path = HomeViewModel.swift; sourceTree = "<group>"; };
		E42397CB29590ED600DDAF53 /* MainTabBarController.swift */ = {isa = PBXFileReference; lastKnownFileType = sourcecode.swift; path = MainTabBarController.swift; sourceTree = "<group>"; };
		E42397CF2959866300DDAF53 /* EventsViewController.swift */ = {isa = PBXFileReference; lastKnownFileType = sourcecode.swift; path = EventsViewController.swift; sourceTree = "<group>"; };
		E42397D12959867C00DDAF53 /* EventsViewModel.swift */ = {isa = PBXFileReference; lastKnownFileType = sourcecode.swift; path = EventsViewModel.swift; sourceTree = "<group>"; };
		E42397D32959868500DDAF53 /* AnimalsViewModel.swift */ = {isa = PBXFileReference; lastKnownFileType = sourcecode.swift; path = AnimalsViewModel.swift; sourceTree = "<group>"; };
		E42397D52959869300DDAF53 /* AnimalsViewController.swift */ = {isa = PBXFileReference; lastKnownFileType = sourcecode.swift; path = AnimalsViewController.swift; sourceTree = "<group>"; };
		E42397D72959880200DDAF53 /* HomeComposer.swift */ = {isa = PBXFileReference; lastKnownFileType = sourcecode.swift; path = HomeComposer.swift; sourceTree = "<group>"; };
		E42397D92959880900DDAF53 /* EventComposer.swift */ = {isa = PBXFileReference; lastKnownFileType = sourcecode.swift; path = EventComposer.swift; sourceTree = "<group>"; };
		E42397DB2959880F00DDAF53 /* AnimalComposer.swift */ = {isa = PBXFileReference; lastKnownFileType = sourcecode.swift; path = AnimalComposer.swift; sourceTree = "<group>"; };
		E42397DD2959885000DDAF53 /* MainComposer.swift */ = {isa = PBXFileReference; lastKnownFileType = sourcecode.swift; path = MainComposer.swift; sourceTree = "<group>"; };
		E42397DF29598B2300DDAF53 /* TicketsViewController.swift */ = {isa = PBXFileReference; lastKnownFileType = sourcecode.swift; path = TicketsViewController.swift; sourceTree = "<group>"; };
		E42397E129598C1E00DDAF53 /* TicketsViewModel.swift */ = {isa = PBXFileReference; lastKnownFileType = sourcecode.swift; path = TicketsViewModel.swift; sourceTree = "<group>"; };
		E42397E329598C7400DDAF53 /* NotificationsViewModel.swift */ = {isa = PBXFileReference; lastKnownFileType = sourcecode.swift; path = NotificationsViewModel.swift; sourceTree = "<group>"; };
		E42397E529598C9100DDAF53 /* ProfileViewModel.swift */ = {isa = PBXFileReference; lastKnownFileType = sourcecode.swift; path = ProfileViewModel.swift; sourceTree = "<group>"; };
		E42397E729598CF400DDAF53 /* NotificationsViewController.swift */ = {isa = PBXFileReference; lastKnownFileType = sourcecode.swift; path = NotificationsViewController.swift; sourceTree = "<group>"; };
		E42397E929598F1000DDAF53 /* TicketComposer.swift */ = {isa = PBXFileReference; lastKnownFileType = sourcecode.swift; path = TicketComposer.swift; sourceTree = "<group>"; };
		E42397EB29598F6E00DDAF53 /* NotificationComposer.swift */ = {isa = PBXFileReference; lastKnownFileType = sourcecode.swift; path = NotificationComposer.swift; sourceTree = "<group>"; };
		E42397ED29598F9E00DDAF53 /* ProfileComposer.swift */ = {isa = PBXFileReference; lastKnownFileType = sourcecode.swift; path = ProfileComposer.swift; sourceTree = "<group>"; };
		E42397EF29598FC500DDAF53 /* ProfileViewController.swift */ = {isa = PBXFileReference; lastKnownFileType = sourcecode.swift; path = ProfileViewController.swift; sourceTree = "<group>"; };
		E42397F12959A3FC00DDAF53 /* LikeableCollectionViewCell.swift */ = {isa = PBXFileReference; lastKnownFileType = sourcecode.swift; path = LikeableCollectionViewCell.swift; sourceTree = "<group>"; };
		E42397F22959A3FC00DDAF53 /* LikeableCollectionViewCell.xib */ = {isa = PBXFileReference; lastKnownFileType = file.xib; path = LikeableCollectionViewCell.xib; sourceTree = "<group>"; };
		E42397F62959A63D00DDAF53 /* UICollectionView+.swift */ = {isa = PBXFileReference; lastKnownFileType = sourcecode.swift; path = "UICollectionView+.swift"; sourceTree = "<group>"; };
		E42397F82959B0FC00DDAF53 /* TicketCollectionViewCell.swift */ = {isa = PBXFileReference; lastKnownFileType = sourcecode.swift; path = TicketCollectionViewCell.swift; sourceTree = "<group>"; };
		E42397F92959B0FC00DDAF53 /* TicketCollectionViewCell.xib */ = {isa = PBXFileReference; lastKnownFileType = file.xib; path = TicketCollectionViewCell.xib; sourceTree = "<group>"; };
		E42397FC2959B81400DDAF53 /* AnimalTableViewCell.swift */ = {isa = PBXFileReference; lastKnownFileType = sourcecode.swift; path = AnimalTableViewCell.swift; sourceTree = "<group>"; };
		E42397FD2959B81400DDAF53 /* AnimalTableViewCell.xib */ = {isa = PBXFileReference; lastKnownFileType = file.xib; path = AnimalTableViewCell.xib; sourceTree = "<group>"; };
		E42398002959B8C800DDAF53 /* UITableView+.swift */ = {isa = PBXFileReference; lastKnownFileType = sourcecode.swift; path = "UITableView+.swift"; sourceTree = "<group>"; };
		E4239802295B99C700DDAF53 /* EventTableViewCell.swift */ = {isa = PBXFileReference; lastKnownFileType = sourcecode.swift; path = EventTableViewCell.swift; sourceTree = "<group>"; };
		E4239803295B99C700DDAF53 /* EventTableViewCell.xib */ = {isa = PBXFileReference; lastKnownFileType = file.xib; path = EventTableViewCell.xib; sourceTree = "<group>"; };
		E4239806295B9E0800DDAF53 /* NotificationTableViewCell.swift */ = {isa = PBXFileReference; lastKnownFileType = sourcecode.swift; path = NotificationTableViewCell.swift; sourceTree = "<group>"; };
		E4239807295B9E0800DDAF53 /* NotificationTableViewCell.xib */ = {isa = PBXFileReference; lastKnownFileType = file.xib; path = NotificationTableViewCell.xib; sourceTree = "<group>"; };
		E423980A295BAA2900DDAF53 /* DetailDisclosureTableViewCell.swift */ = {isa = PBXFileReference; lastKnownFileType = sourcecode.swift; path = DetailDisclosureTableViewCell.swift; sourceTree = "<group>"; };
		E423980C295BAA6800DDAF53 /* DisclosureIndicatorTableViewCell.swift */ = {isa = PBXFileReference; lastKnownFileType = sourcecode.swift; path = DisclosureIndicatorTableViewCell.swift; sourceTree = "<group>"; };
		E423980E295BAAB100DDAF53 /* DestructiveTableViewCell.swift */ = {isa = PBXFileReference; lastKnownFileType = sourcecode.swift; path = DestructiveTableViewCell.swift; sourceTree = "<group>"; };
		E4239810295BB1A500DDAF53 /* NSObject+className.swift */ = {isa = PBXFileReference; lastKnownFileType = sourcecode.swift; path = "NSObject+className.swift"; sourceTree = "<group>"; };
		E4239813295C353E00DDAF53 /* EditFirstNameViewController.swift */ = {isa = PBXFileReference; lastKnownFileType = sourcecode.swift; path = EditFirstNameViewController.swift; sourceTree = "<group>"; };
		E4239815295C379600DDAF53 /* TextFieldTableViewCell.swift */ = {isa = PBXFileReference; lastKnownFileType = sourcecode.swift; path = TextFieldTableViewCell.swift; sourceTree = "<group>"; };
		E4239817295C42BA00DDAF53 /* EditLastNameViewController.swift */ = {isa = PBXFileReference; lastKnownFileType = sourcecode.swift; path = EditLastNameViewController.swift; sourceTree = "<group>"; };
		E4239819295C434D00DDAF53 /* EditPhoneViewController.swift */ = {isa = PBXFileReference; lastKnownFileType = sourcecode.swift; path = EditPhoneViewController.swift; sourceTree = "<group>"; };
		E423981B295C440100DDAF53 /* EditAddressViewController.swift */ = {isa = PBXFileReference; lastKnownFileType = sourcecode.swift; path = EditAddressViewController.swift; sourceTree = "<group>"; };
		E423981D295D7F7D00DDAF53 /* ChangePasswordViewController.swift */ = {isa = PBXFileReference; lastKnownFileType = sourcecode.swift; path = ChangePasswordViewController.swift; sourceTree = "<group>"; };
		E423981F295D80EE00DDAF53 /* SecureTextEntryTextField.swift */ = {isa = PBXFileReference; lastKnownFileType = sourcecode.swift; path = SecureTextEntryTextField.swift; sourceTree = "<group>"; };
		E4239821295D81B600DDAF53 /* SecureTextEntryTextFieldTableViewCell.swift */ = {isa = PBXFileReference; lastKnownFileType = sourcecode.swift; path = SecureTextEntryTextFieldTableViewCell.swift; sourceTree = "<group>"; };
		E4239823295D872B00DDAF53 /* AnimalDetailViewController.swift */ = {isa = PBXFileReference; lastKnownFileType = sourcecode.swift; path = AnimalDetailViewController.swift; sourceTree = "<group>"; };
		E423982A295D91BC00DDAF53 /* CommentTableViewCell.swift */ = {isa = PBXFileReference; lastKnownFileType = sourcecode.swift; path = CommentTableViewCell.swift; sourceTree = "<group>"; };
		E423982B295D91BC00DDAF53 /* CommentTableViewCell.xib */ = {isa = PBXFileReference; lastKnownFileType = file.xib; path = CommentTableViewCell.xib; sourceTree = "<group>"; };
		E423982E295D941100DDAF53 /* GradientView.swift */ = {isa = PBXFileReference; lastKnownFileType = sourcecode.swift; path = GradientView.swift; sourceTree = "<group>"; };
		E4239830295D988A00DDAF53 /* CommentViewController.swift */ = {isa = PBXFileReference; lastKnownFileType = sourcecode.swift; path = CommentViewController.swift; sourceTree = "<group>"; };
		E4239832295DA41200DDAF53 /* EventDetailViewController.swift */ = {isa = PBXFileReference; lastKnownFileType = sourcecode.swift; path = EventDetailViewController.swift; sourceTree = "<group>"; };
		E4239834295DADD300DDAF53 /* ChooseTicketViewController.swift */ = {isa = PBXFileReference; lastKnownFileType = sourcecode.swift; path = ChooseTicketViewController.swift; sourceTree = "<group>"; };
		E4239836295DB79600DDAF53 /* PromoTicketCollectionViewCell.swift */ = {isa = PBXFileReference; lastKnownFileType = sourcecode.swift; path = PromoTicketCollectionViewCell.swift; sourceTree = "<group>"; };
		E4239837295DB79600DDAF53 /* PromoTicketCollectionViewCell.xib */ = {isa = PBXFileReference; lastKnownFileType = file.xib; path = PromoTicketCollectionViewCell.xib; sourceTree = "<group>"; };
		E423983A295DBC3100DDAF53 /* BuyTicketViewController.swift */ = {isa = PBXFileReference; lastKnownFileType = sourcecode.swift; path = BuyTicketViewController.swift; sourceTree = "<group>"; };
		E423983C295DBEA900DDAF53 /* DatePickerTableViewCell.swift */ = {isa = PBXFileReference; lastKnownFileType = sourcecode.swift; path = DatePickerTableViewCell.swift; sourceTree = "<group>"; };
/* End PBXFileReference section */

/* Begin PBXFrameworksBuildPhase section */
		E42397812954C82500DDAF53 /* Frameworks */ = {
			isa = PBXFrameworksBuildPhase;
			buildActionMask = 2147483647;
			files = (
			);
			runOnlyForDeploymentPostprocessing = 0;
		};
/* End PBXFrameworksBuildPhase section */

/* Begin PBXGroup section */
		E423977B2954C82500DDAF53 = {
			isa = PBXGroup;
			children = (
				E42397862954C82500DDAF53 /* Pandoo */,
				E42397852954C82500DDAF53 /* Products */,
			);
			sourceTree = "<group>";
		};
		E42397852954C82500DDAF53 /* Products */ = {
			isa = PBXGroup;
			children = (
				E42397842954C82500DDAF53 /* Pandoo.app */,
			);
			name = Products;
			sourceTree = "<group>";
		};
		E42397862954C82500DDAF53 /* Pandoo */ = {
			isa = PBXGroup;
			children = (
				E42397A2295503D800DDAF53 /* Presentation */,
				E423979C2954C85600DDAF53 /* UI */,
				E423979D2954C89A00DDAF53 /* Composition */,
				E423979B2954C84000DDAF53 /* Supporting Files */,
			);
			path = Pandoo;
			sourceTree = "<group>";
		};
		E423979B2954C84000DDAF53 /* Supporting Files */ = {
			isa = PBXGroup;
			children = (
				E42397872954C82500DDAF53 /* AppDelegate.swift */,
				E42397892954C82500DDAF53 /* SceneDelegate.swift */,
				E42397902954C82600DDAF53 /* Assets.xcassets */,
				E42397922954C82600DDAF53 /* LaunchScreen.storyboard */,
				E42397952954C82600DDAF53 /* Info.plist */,
			);
			path = "Supporting Files";
			sourceTree = "<group>";
		};
		E423979C2954C85600DDAF53 /* UI */ = {
			isa = PBXGroup;
			children = (
				E42397A82955042A00DDAF53 /* Extensions */,
				E42397AB2955052600DDAF53 /* Views */,
				E42397A72955041100DDAF53 /* Storyboards */,
				E42397A62955040900DDAF53 /* View Controllers */,
			);
			path = UI;
			sourceTree = "<group>";
		};
		E423979D2954C89A00DDAF53 /* Composition */ = {
			isa = PBXGroup;
			children = (
				E423979E2954C8A500DDAF53 /* LoginComposer.swift */,
				E42397C32955147700DDAF53 /* RegistrationComposer.swift */,
				E42397DD2959885000DDAF53 /* MainComposer.swift */,
				E42397D72959880200DDAF53 /* HomeComposer.swift */,
				E42397D92959880900DDAF53 /* EventComposer.swift */,
				E42397DB2959880F00DDAF53 /* AnimalComposer.swift */,
				E42397E929598F1000DDAF53 /* TicketComposer.swift */,
				E42397EB29598F6E00DDAF53 /* NotificationComposer.swift */,
				E42397ED29598F9E00DDAF53 /* ProfileComposer.swift */,
			);
			path = Composition;
			sourceTree = "<group>";
		};
		E42397A2295503D800DDAF53 /* Presentation */ = {
			isa = PBXGroup;
			children = (
				E42397B22955095200DDAF53 /* Localization */,
				E42397A3295503E100DDAF53 /* View Models */,
				E42397BD29550E8A00DDAF53 /* Validator.swift */,
			);
			path = Presentation;
			sourceTree = "<group>";
		};
		E42397A3295503E100DDAF53 /* View Models */ = {
			isa = PBXGroup;
			children = (
				E42397A4295503EA00DDAF53 /* LoginViewModel.swift */,
				E42397BF29550EAD00DDAF53 /* RegistrationViewModel.swift */,
				E42397C929590E4600DDAF53 /* HomeViewModel.swift */,
				E42397D12959867C00DDAF53 /* EventsViewModel.swift */,
				E42397D32959868500DDAF53 /* AnimalsViewModel.swift */,
				E42397E129598C1E00DDAF53 /* TicketsViewModel.swift */,
				E42397E329598C7400DDAF53 /* NotificationsViewModel.swift */,
				E42397E529598C9100DDAF53 /* ProfileViewModel.swift */,
			);
			path = "View Models";
			sourceTree = "<group>";
		};
		E42397A62955040900DDAF53 /* View Controllers */ = {
			isa = PBXGroup;
			children = (
				E42397A0295503BF00DDAF53 /* LoginViewController.swift */,
				E4239828295D896B00DDAF53 /* Registration */,
				E4239829295D898400DDAF53 /* Home */,
				E4239827295D896400DDAF53 /* Events */,
				E4239825295D895600DDAF53 /* Animals */,
				E4239826295D895F00DDAF53 /* Tickets */,
				E42397E729598CF400DDAF53 /* NotificationsViewController.swift */,
				E4239812295C352A00DDAF53 /* Profile */,
			);
			path = "View Controllers";
			sourceTree = "<group>";
		};
		E42397A72955041100DDAF53 /* Storyboards */ = {
			isa = PBXGroup;
			children = (
				E423978D2954C82500DDAF53 /* Main.storyboard */,
			);
			path = Storyboards;
			sourceTree = "<group>";
		};
		E42397A82955042A00DDAF53 /* Extensions */ = {
			isa = PBXGroup;
			children = (
				E42397AE295506E500DDAF53 /* UIColor+.swift */,
				E42397B529550AEE00DDAF53 /* String+.swift */,
				E42397F62959A63D00DDAF53 /* UICollectionView+.swift */,
				E42398002959B8C800DDAF53 /* UITableView+.swift */,
				E4239810295BB1A500DDAF53 /* NSObject+className.swift */,
			);
			path = Extensions;
			sourceTree = "<group>";
		};
		E42397AB2955052600DDAF53 /* Views */ = {
			isa = PBXGroup;
			children = (
				E423982E295D941100DDAF53 /* GradientView.swift */,
				E42397B02955085D00DDAF53 /* RoundedButton.swift */,
				E42397AC2955053100DDAF53 /* RoundedTextField.swift */,
				E42397B929550D6800DDAF53 /* PasswordTextField.swift */,
				E423981F295D80EE00DDAF53 /* SecureTextEntryTextField.swift */,
				E42397BB29550DEA00DDAF53 /* LoadingButton.swift */,
				E42397F52959A40100DDAF53 /* Cells */,
			);
			path = Views;
			sourceTree = "<group>";
		};
		E42397B22955095200DDAF53 /* Localization */ = {
			isa = PBXGroup;
			children = (
				E42397B729550B4D00DDAF53 /* Localizable.strings */,
				E42397B32955095D00DDAF53 /* Strings.swift */,
			);
			path = Localization;
			sourceTree = "<group>";
		};
		E42397F52959A40100DDAF53 /* Cells */ = {
			isa = PBXGroup;
			children = (
				E42397F12959A3FC00DDAF53 /* LikeableCollectionViewCell.swift */,
				E42397F22959A3FC00DDAF53 /* LikeableCollectionViewCell.xib */,
				E42397F82959B0FC00DDAF53 /* TicketCollectionViewCell.swift */,
				E42397F92959B0FC00DDAF53 /* TicketCollectionViewCell.xib */,
				E42397FC2959B81400DDAF53 /* AnimalTableViewCell.swift */,
				E42397FD2959B81400DDAF53 /* AnimalTableViewCell.xib */,
				E4239802295B99C700DDAF53 /* EventTableViewCell.swift */,
				E4239803295B99C700DDAF53 /* EventTableViewCell.xib */,
				E4239806295B9E0800DDAF53 /* NotificationTableViewCell.swift */,
				E4239807295B9E0800DDAF53 /* NotificationTableViewCell.xib */,
				E423980A295BAA2900DDAF53 /* DetailDisclosureTableViewCell.swift */,
				E423980C295BAA6800DDAF53 /* DisclosureIndicatorTableViewCell.swift */,
				E423980E295BAAB100DDAF53 /* DestructiveTableViewCell.swift */,
				E4239815295C379600DDAF53 /* TextFieldTableViewCell.swift */,
				E4239821295D81B600DDAF53 /* SecureTextEntryTextFieldTableViewCell.swift */,
				E423982A295D91BC00DDAF53 /* CommentTableViewCell.swift */,
				E423982B295D91BC00DDAF53 /* CommentTableViewCell.xib */,
				E4239836295DB79600DDAF53 /* PromoTicketCollectionViewCell.swift */,
				E4239837295DB79600DDAF53 /* PromoTicketCollectionViewCell.xib */,
				E423983C295DBEA900DDAF53 /* DatePickerTableViewCell.swift */,
			);
			path = Cells;
			sourceTree = "<group>";
		};
		E4239812295C352A00DDAF53 /* Profile */ = {
			isa = PBXGroup;
			children = (
				E42397EF29598FC500DDAF53 /* ProfileViewController.swift */,
				E4239813295C353E00DDAF53 /* EditFirstNameViewController.swift */,
				E4239817295C42BA00DDAF53 /* EditLastNameViewController.swift */,
				E4239819295C434D00DDAF53 /* EditPhoneViewController.swift */,
				E423981B295C440100DDAF53 /* EditAddressViewController.swift */,
				E423981D295D7F7D00DDAF53 /* ChangePasswordViewController.swift */,
			);
			path = Profile;
			sourceTree = "<group>";
		};
		E4239825295D895600DDAF53 /* Animals */ = {
			isa = PBXGroup;
			children = (
				E42397D52959869300DDAF53 /* AnimalsViewController.swift */,
				E4239823295D872B00DDAF53 /* AnimalDetailViewController.swift */,
				E4239830295D988A00DDAF53 /* CommentViewController.swift */,
			);
			path = Animals;
			sourceTree = "<group>";
		};
		E4239826295D895F00DDAF53 /* Tickets */ = {
			isa = PBXGroup;
			children = (
				E42397DF29598B2300DDAF53 /* TicketsViewController.swift */,
				E4239834295DADD300DDAF53 /* ChooseTicketViewController.swift */,
				E423983A295DBC3100DDAF53 /* BuyTicketViewController.swift */,
			);
			path = Tickets;
			sourceTree = "<group>";
		};
		E4239827295D896400DDAF53 /* Events */ = {
			isa = PBXGroup;
			children = (
				E42397CF2959866300DDAF53 /* EventsViewController.swift */,
				E4239832295DA41200DDAF53 /* EventDetailViewController.swift */,
			);
			path = Events;
			sourceTree = "<group>";
		};
		E4239828295D896B00DDAF53 /* Registration */ = {
			isa = PBXGroup;
			children = (
				E42397C12955145A00DDAF53 /* FirstStepRegistrationViewController.swift */,
				E42397C52958FDEE00DDAF53 /* SecondStepRegistrationViewController.swift */,
			);
			path = Registration;
			sourceTree = "<group>";
		};
		E4239829295D898400DDAF53 /* Home */ = {
			isa = PBXGroup;
			children = (
				E42397CB29590ED600DDAF53 /* MainTabBarController.swift */,
				E42397C729590C0200DDAF53 /* HomeViewController.swift */,
			);
			path = Home;
			sourceTree = "<group>";
		};
/* End PBXGroup section */

/* Begin PBXNativeTarget section */
		E42397832954C82500DDAF53 /* Pandoo */ = {
			isa = PBXNativeTarget;
			buildConfigurationList = E42397982954C82600DDAF53 /* Build configuration list for PBXNativeTarget "Pandoo" */;
			buildPhases = (
				E42397802954C82500DDAF53 /* Sources */,
				E42397812954C82500DDAF53 /* Frameworks */,
				E42397822954C82500DDAF53 /* Resources */,
			);
			buildRules = (
			);
			dependencies = (
			);
			name = Pandoo;
			productName = Pandoo;
			productReference = E42397842954C82500DDAF53 /* Pandoo.app */;
			productType = "com.apple.product-type.application";
		};
/* End PBXNativeTarget section */

/* Begin PBXProject section */
		E423977C2954C82500DDAF53 /* Project object */ = {
			isa = PBXProject;
			attributes = {
				BuildIndependentTargetsInParallel = 1;
				LastSwiftUpdateCheck = 1420;
				LastUpgradeCheck = 1420;
				TargetAttributes = {
					E42397832954C82500DDAF53 = {
						CreatedOnToolsVersion = 14.2;
					};
				};
			};
			buildConfigurationList = E423977F2954C82500DDAF53 /* Build configuration list for PBXProject "Pandoo" */;
			compatibilityVersion = "Xcode 14.0";
			developmentRegion = en;
			hasScannedForEncodings = 0;
			knownRegions = (
				en,
				Base,
			);
			mainGroup = E423977B2954C82500DDAF53;
			productRefGroup = E42397852954C82500DDAF53 /* Products */;
			projectDirPath = "";
			projectRoot = "";
			targets = (
				E42397832954C82500DDAF53 /* Pandoo */,
			);
		};
/* End PBXProject section */

/* Begin PBXResourcesBuildPhase section */
		E42397822954C82500DDAF53 /* Resources */ = {
			isa = PBXResourcesBuildPhase;
			buildActionMask = 2147483647;
			files = (
				E42397942954C82600DDAF53 /* LaunchScreen.storyboard in Resources */,
				E42397F42959A3FC00DDAF53 /* LikeableCollectionViewCell.xib in Resources */,
				E42397FF2959B81400DDAF53 /* AnimalTableViewCell.xib in Resources */,
				E42397B829550B4D00DDAF53 /* Localizable.strings in Resources */,
				E4239805295B99C700DDAF53 /* EventTableViewCell.xib in Resources */,
				E4239839295DB79600DDAF53 /* PromoTicketCollectionViewCell.xib in Resources */,
				E42397912954C82600DDAF53 /* Assets.xcassets in Resources */,
				E42397FB2959B0FC00DDAF53 /* TicketCollectionViewCell.xib in Resources */,
				E423978F2954C82500DDAF53 /* Main.storyboard in Resources */,
				E4239809295B9E0800DDAF53 /* NotificationTableViewCell.xib in Resources */,
				E423982D295D91BC00DDAF53 /* CommentTableViewCell.xib in Resources */,
			);
			runOnlyForDeploymentPostprocessing = 0;
		};
/* End PBXResourcesBuildPhase section */

/* Begin PBXSourcesBuildPhase section */
		E42397802954C82500DDAF53 /* Sources */ = {
			isa = PBXSourcesBuildPhase;
			buildActionMask = 2147483647;
			files = (
				E42397BC29550DEA00DDAF53 /* LoadingButton.swift in Sources */,
				E42397FA2959B0FC00DDAF53 /* TicketCollectionViewCell.swift in Sources */,
				E4239824295D872B00DDAF53 /* AnimalDetailViewController.swift in Sources */,
				E42397C829590C0200DDAF53 /* HomeViewController.swift in Sources */,
				E4239814295C353E00DDAF53 /* EditFirstNameViewController.swift in Sources */,
				E4239833295DA41200DDAF53 /* EventDetailViewController.swift in Sources */,
				E42397CA29590E4600DDAF53 /* HomeViewModel.swift in Sources */,
				E42397C22955145A00DDAF53 /* FirstStepRegistrationViewController.swift in Sources */,
				E42397DC2959880F00DDAF53 /* AnimalComposer.swift in Sources */,
				E42397E229598C1E00DDAF53 /* TicketsViewModel.swift in Sources */,
				E42397C62958FDEE00DDAF53 /* SecondStepRegistrationViewController.swift in Sources */,
				E423983B295DBC3100DDAF53 /* BuyTicketViewController.swift in Sources */,
				E42397AF295506E500DDAF53 /* UIColor+.swift in Sources */,
				E423982F295D941100DDAF53 /* GradientView.swift in Sources */,
				E42397E829598CF400DDAF53 /* NotificationsViewController.swift in Sources */,
				E42398012959B8C800DDAF53 /* UITableView+.swift in Sources */,
				E4239804295B99C700DDAF53 /* EventTableViewCell.swift in Sources */,
				E42397EA29598F1000DDAF53 /* TicketComposer.swift in Sources */,
				E423980F295BAAB100DDAF53 /* DestructiveTableViewCell.swift in Sources */,
				E42397BA29550D6800DDAF53 /* PasswordTextField.swift in Sources */,
				E4239838295DB79600DDAF53 /* PromoTicketCollectionViewCell.swift in Sources */,
				E42397BE29550E8A00DDAF53 /* Validator.swift in Sources */,
				E42397B42955095D00DDAF53 /* Strings.swift in Sources */,
				E4239831295D988A00DDAF53 /* CommentViewController.swift in Sources */,
				E423983D295DBEA900DDAF53 /* DatePickerTableViewCell.swift in Sources */,
				E42397FE2959B81400DDAF53 /* AnimalTableViewCell.swift in Sources */,
				E42397F32959A3FC00DDAF53 /* LikeableCollectionViewCell.swift in Sources */,
				E42397D22959867C00DDAF53 /* EventsViewModel.swift in Sources */,
				E42397A1295503BF00DDAF53 /* LoginViewController.swift in Sources */,
				E42397D02959866300DDAF53 /* EventsViewController.swift in Sources */,
				E423981A295C434D00DDAF53 /* EditPhoneViewController.swift in Sources */,
				E42397882954C82500DDAF53 /* AppDelegate.swift in Sources */,
				E423980D295BAA6800DDAF53 /* DisclosureIndicatorTableViewCell.swift in Sources */,
				E42397B12955085D00DDAF53 /* RoundedButton.swift in Sources */,
				E42397E029598B2300DDAF53 /* TicketsViewController.swift in Sources */,
				E42397EC29598F6E00DDAF53 /* NotificationComposer.swift in Sources */,
				E42397E629598C9100DDAF53 /* ProfileViewModel.swift in Sources */,
				E4239816295C379600DDAF53 /* TextFieldTableViewCell.swift in Sources */,
				E42397EE29598F9E00DDAF53 /* ProfileComposer.swift in Sources */,
				E4239822295D81B600DDAF53 /* SecureTextEntryTextFieldTableViewCell.swift in Sources */,
				E4239835295DADD300DDAF53 /* ChooseTicketViewController.swift in Sources */,
				E42397D62959869300DDAF53 /* AnimalsViewController.swift in Sources */,
				E423978A2954C82500DDAF53 /* SceneDelegate.swift in Sources */,
				E42397C029550EAD00DDAF53 /* RegistrationViewModel.swift in Sources */,
				E42397B629550AEE00DDAF53 /* String+.swift in Sources */,
				E4239811295BB1A500DDAF53 /* NSObject+className.swift in Sources */,
				E42397D42959868500DDAF53 /* AnimalsViewModel.swift in Sources */,
				E42397F029598FC500DDAF53 /* ProfileViewController.swift in Sources */,
				E4239820295D80EE00DDAF53 /* SecureTextEntryTextField.swift in Sources */,
				E423981E295D7F7D00DDAF53 /* ChangePasswordViewController.swift in Sources */,
				E42397C42955147700DDAF53 /* RegistrationComposer.swift in Sources */,
				E423980B295BAA2900DDAF53 /* DetailDisclosureTableViewCell.swift in Sources */,
				E42397CC29590ED600DDAF53 /* MainTabBarController.swift in Sources */,
				E4239808295B9E0800DDAF53 /* NotificationTableViewCell.swift in Sources */,
				E42397AD2955053100DDAF53 /* RoundedTextField.swift in Sources */,
				E42397A5295503EA00DDAF53 /* LoginViewModel.swift in Sources */,
				E423982C295D91BC00DDAF53 /* CommentTableViewCell.swift in Sources */,
				E42397F72959A63D00DDAF53 /* UICollectionView+.swift in Sources */,
				E4239818295C42BA00DDAF53 /* EditLastNameViewController.swift in Sources */,
				E42397DE2959885000DDAF53 /* MainComposer.swift in Sources */,
				E423981C295C440100DDAF53 /* EditAddressViewController.swift in Sources */,
				E42397D82959880200DDAF53 /* HomeComposer.swift in Sources */,
				E42397E429598C7400DDAF53 /* NotificationsViewModel.swift in Sources */,
				E42397DA2959880900DDAF53 /* EventComposer.swift in Sources */,
				E423979F2954C8A500DDAF53 /* LoginComposer.swift in Sources */,
			);
			runOnlyForDeploymentPostprocessing = 0;
		};
/* End PBXSourcesBuildPhase section */

/* Begin PBXVariantGroup section */
		E423978D2954C82500DDAF53 /* Main.storyboard */ = {
			isa = PBXVariantGroup;
			children = (
				E423978E2954C82500DDAF53 /* Base */,
			);
			name = Main.storyboard;
			sourceTree = "<group>";
		};
		E42397922954C82600DDAF53 /* LaunchScreen.storyboard */ = {
			isa = PBXVariantGroup;
			children = (
				E42397932954C82600DDAF53 /* Base */,
			);
			name = LaunchScreen.storyboard;
			sourceTree = "<group>";
		};
/* End PBXVariantGroup section */

/* Begin XCBuildConfiguration section */
		E42397962954C82600DDAF53 /* Debug */ = {
			isa = XCBuildConfiguration;
			buildSettings = {
				ALWAYS_SEARCH_USER_PATHS = NO;
				CLANG_ANALYZER_NONNULL = YES;
				CLANG_ANALYZER_NUMBER_OBJECT_CONVERSION = YES_AGGRESSIVE;
				CLANG_CXX_LANGUAGE_STANDARD = "gnu++20";
				CLANG_ENABLE_MODULES = YES;
				CLANG_ENABLE_OBJC_ARC = YES;
				CLANG_ENABLE_OBJC_WEAK = YES;
				CLANG_WARN_BLOCK_CAPTURE_AUTORELEASING = YES;
				CLANG_WARN_BOOL_CONVERSION = YES;
				CLANG_WARN_COMMA = YES;
				CLANG_WARN_CONSTANT_CONVERSION = YES;
				CLANG_WARN_DEPRECATED_OBJC_IMPLEMENTATIONS = YES;
				CLANG_WARN_DIRECT_OBJC_ISA_USAGE = YES_ERROR;
				CLANG_WARN_DOCUMENTATION_COMMENTS = YES;
				CLANG_WARN_EMPTY_BODY = YES;
				CLANG_WARN_ENUM_CONVERSION = YES;
				CLANG_WARN_INFINITE_RECURSION = YES;
				CLANG_WARN_INT_CONVERSION = YES;
				CLANG_WARN_NON_LITERAL_NULL_CONVERSION = YES;
				CLANG_WARN_OBJC_IMPLICIT_RETAIN_SELF = YES;
				CLANG_WARN_OBJC_LITERAL_CONVERSION = YES;
				CLANG_WARN_OBJC_ROOT_CLASS = YES_ERROR;
				CLANG_WARN_QUOTED_INCLUDE_IN_FRAMEWORK_HEADER = YES;
				CLANG_WARN_RANGE_LOOP_ANALYSIS = YES;
				CLANG_WARN_STRICT_PROTOTYPES = YES;
				CLANG_WARN_SUSPICIOUS_MOVE = YES;
				CLANG_WARN_UNGUARDED_AVAILABILITY = YES_AGGRESSIVE;
				CLANG_WARN_UNREACHABLE_CODE = YES;
				CLANG_WARN__DUPLICATE_METHOD_MATCH = YES;
				COPY_PHASE_STRIP = NO;
				DEBUG_INFORMATION_FORMAT = dwarf;
				ENABLE_STRICT_OBJC_MSGSEND = YES;
				ENABLE_TESTABILITY = YES;
				GCC_C_LANGUAGE_STANDARD = gnu11;
				GCC_DYNAMIC_NO_PIC = NO;
				GCC_NO_COMMON_BLOCKS = YES;
				GCC_OPTIMIZATION_LEVEL = 0;
				GCC_PREPROCESSOR_DEFINITIONS = (
					"DEBUG=1",
					"$(inherited)",
				);
				GCC_WARN_64_TO_32_BIT_CONVERSION = YES;
				GCC_WARN_ABOUT_RETURN_TYPE = YES_ERROR;
				GCC_WARN_UNDECLARED_SELECTOR = YES;
				GCC_WARN_UNINITIALIZED_AUTOS = YES_AGGRESSIVE;
				GCC_WARN_UNUSED_FUNCTION = YES;
				GCC_WARN_UNUSED_VARIABLE = YES;
				IPHONEOS_DEPLOYMENT_TARGET = 16.2;
				MTL_ENABLE_DEBUG_INFO = INCLUDE_SOURCE;
				MTL_FAST_MATH = YES;
				ONLY_ACTIVE_ARCH = YES;
				SDKROOT = iphoneos;
				SWIFT_ACTIVE_COMPILATION_CONDITIONS = DEBUG;
				SWIFT_OPTIMIZATION_LEVEL = "-Onone";
			};
			name = Debug;
		};
		E42397972954C82600DDAF53 /* Release */ = {
			isa = XCBuildConfiguration;
			buildSettings = {
				ALWAYS_SEARCH_USER_PATHS = NO;
				CLANG_ANALYZER_NONNULL = YES;
				CLANG_ANALYZER_NUMBER_OBJECT_CONVERSION = YES_AGGRESSIVE;
				CLANG_CXX_LANGUAGE_STANDARD = "gnu++20";
				CLANG_ENABLE_MODULES = YES;
				CLANG_ENABLE_OBJC_ARC = YES;
				CLANG_ENABLE_OBJC_WEAK = YES;
				CLANG_WARN_BLOCK_CAPTURE_AUTORELEASING = YES;
				CLANG_WARN_BOOL_CONVERSION = YES;
				CLANG_WARN_COMMA = YES;
				CLANG_WARN_CONSTANT_CONVERSION = YES;
				CLANG_WARN_DEPRECATED_OBJC_IMPLEMENTATIONS = YES;
				CLANG_WARN_DIRECT_OBJC_ISA_USAGE = YES_ERROR;
				CLANG_WARN_DOCUMENTATION_COMMENTS = YES;
				CLANG_WARN_EMPTY_BODY = YES;
				CLANG_WARN_ENUM_CONVERSION = YES;
				CLANG_WARN_INFINITE_RECURSION = YES;
				CLANG_WARN_INT_CONVERSION = YES;
				CLANG_WARN_NON_LITERAL_NULL_CONVERSION = YES;
				CLANG_WARN_OBJC_IMPLICIT_RETAIN_SELF = YES;
				CLANG_WARN_OBJC_LITERAL_CONVERSION = YES;
				CLANG_WARN_OBJC_ROOT_CLASS = YES_ERROR;
				CLANG_WARN_QUOTED_INCLUDE_IN_FRAMEWORK_HEADER = YES;
				CLANG_WARN_RANGE_LOOP_ANALYSIS = YES;
				CLANG_WARN_STRICT_PROTOTYPES = YES;
				CLANG_WARN_SUSPICIOUS_MOVE = YES;
				CLANG_WARN_UNGUARDED_AVAILABILITY = YES_AGGRESSIVE;
				CLANG_WARN_UNREACHABLE_CODE = YES;
				CLANG_WARN__DUPLICATE_METHOD_MATCH = YES;
				COPY_PHASE_STRIP = NO;
				DEBUG_INFORMATION_FORMAT = "dwarf-with-dsym";
				ENABLE_NS_ASSERTIONS = NO;
				ENABLE_STRICT_OBJC_MSGSEND = YES;
				GCC_C_LANGUAGE_STANDARD = gnu11;
				GCC_NO_COMMON_BLOCKS = YES;
				GCC_WARN_64_TO_32_BIT_CONVERSION = YES;
				GCC_WARN_ABOUT_RETURN_TYPE = YES_ERROR;
				GCC_WARN_UNDECLARED_SELECTOR = YES;
				GCC_WARN_UNINITIALIZED_AUTOS = YES_AGGRESSIVE;
				GCC_WARN_UNUSED_FUNCTION = YES;
				GCC_WARN_UNUSED_VARIABLE = YES;
				IPHONEOS_DEPLOYMENT_TARGET = 16.2;
				MTL_ENABLE_DEBUG_INFO = NO;
				MTL_FAST_MATH = YES;
				SDKROOT = iphoneos;
				SWIFT_COMPILATION_MODE = wholemodule;
				SWIFT_OPTIMIZATION_LEVEL = "-O";
				VALIDATE_PRODUCT = YES;
			};
			name = Release;
		};
		E42397992954C82600DDAF53 /* Debug */ = {
			isa = XCBuildConfiguration;
			buildSettings = {
				ASSETCATALOG_COMPILER_APPICON_NAME = AppIcon;
				ASSETCATALOG_COMPILER_GLOBAL_ACCENT_COLOR_NAME = AccentColor;
				CODE_SIGN_STYLE = Automatic;
				CURRENT_PROJECT_VERSION = 1;
				DEVELOPMENT_TEAM = WHP9Z6BC8S;
				GENERATE_INFOPLIST_FILE = YES;
				INFOPLIST_FILE = "Pandoo/Supporting Files/Info.plist";
				INFOPLIST_KEY_UIApplicationSupportsIndirectInputEvents = YES;
				INFOPLIST_KEY_UILaunchStoryboardName = LaunchScreen;
				INFOPLIST_KEY_UIMainStoryboardFile = "";
				INFOPLIST_KEY_UISupportedInterfaceOrientations_iPad = "UIInterfaceOrientationPortrait UIInterfaceOrientationPortraitUpsideDown UIInterfaceOrientationLandscapeLeft UIInterfaceOrientationLandscapeRight";
				INFOPLIST_KEY_UISupportedInterfaceOrientations_iPhone = "UIInterfaceOrientationPortrait UIInterfaceOrientationLandscapeLeft UIInterfaceOrientationLandscapeRight";
				LD_RUNPATH_SEARCH_PATHS = (
					"$(inherited)",
					"@executable_path/Frameworks",
				);
				MARKETING_VERSION = 1.0;
				PRODUCT_BUNDLE_IDENTIFIER = zeljkolucic.Pandoo;
				PRODUCT_NAME = "$(TARGET_NAME)";
				SWIFT_EMIT_LOC_STRINGS = YES;
				SWIFT_VERSION = 5.0;
				TARGETED_DEVICE_FAMILY = "1,2";
			};
			name = Debug;
		};
		E423979A2954C82600DDAF53 /* Release */ = {
			isa = XCBuildConfiguration;
			buildSettings = {
				ASSETCATALOG_COMPILER_APPICON_NAME = AppIcon;
				ASSETCATALOG_COMPILER_GLOBAL_ACCENT_COLOR_NAME = AccentColor;
				CODE_SIGN_STYLE = Automatic;
				CURRENT_PROJECT_VERSION = 1;
				DEVELOPMENT_TEAM = WHP9Z6BC8S;
				GENERATE_INFOPLIST_FILE = YES;
				INFOPLIST_FILE = "Pandoo/Supporting Files/Info.plist";
				INFOPLIST_KEY_UIApplicationSupportsIndirectInputEvents = YES;
				INFOPLIST_KEY_UILaunchStoryboardName = LaunchScreen;
				INFOPLIST_KEY_UIMainStoryboardFile = "";
				INFOPLIST_KEY_UISupportedInterfaceOrientations_iPad = "UIInterfaceOrientationPortrait UIInterfaceOrientationPortraitUpsideDown UIInterfaceOrientationLandscapeLeft UIInterfaceOrientationLandscapeRight";
				INFOPLIST_KEY_UISupportedInterfaceOrientations_iPhone = "UIInterfaceOrientationPortrait UIInterfaceOrientationLandscapeLeft UIInterfaceOrientationLandscapeRight";
				LD_RUNPATH_SEARCH_PATHS = (
					"$(inherited)",
					"@executable_path/Frameworks",
				);
				MARKETING_VERSION = 1.0;
				PRODUCT_BUNDLE_IDENTIFIER = zeljkolucic.Pandoo;
				PRODUCT_NAME = "$(TARGET_NAME)";
				SWIFT_EMIT_LOC_STRINGS = YES;
				SWIFT_VERSION = 5.0;
				TARGETED_DEVICE_FAMILY = "1,2";
			};
			name = Release;
		};
/* End XCBuildConfiguration section */

/* Begin XCConfigurationList section */
		E423977F2954C82500DDAF53 /* Build configuration list for PBXProject "Pandoo" */ = {
			isa = XCConfigurationList;
			buildConfigurations = (
				E42397962954C82600DDAF53 /* Debug */,
				E42397972954C82600DDAF53 /* Release */,
			);
			defaultConfigurationIsVisible = 0;
			defaultConfigurationName = Release;
		};
		E42397982954C82600DDAF53 /* Build configuration list for PBXNativeTarget "Pandoo" */ = {
			isa = XCConfigurationList;
			buildConfigurations = (
				E42397992954C82600DDAF53 /* Debug */,
				E423979A2954C82600DDAF53 /* Release */,
			);
			defaultConfigurationIsVisible = 0;
			defaultConfigurationName = Release;
		};
/* End XCConfigurationList section */
	};
	rootObject = E423977C2954C82500DDAF53 /* Project object */;
}
